
Microsoft Visual Studio Solution File, Format Version 11.00
# Visual Studio 2010
Project("{FAE04EC0-301F-11D3-BF4B-00C04F79EFBC}") = "KinectInteractiveSlackline", "Assembly-CSharp-firstpass.csproj", "{EF63F849-F9A7-F3AA-0B4A-A5EB6F29B4CC}"
EndProject
Project("{FAE04EC0-301F-11D3-BF4B-00C04F79EFBC}") = "KinectInteractiveSlackline", "Assembly-CSharp.csproj", "{07B6C97C-5814-2892-0167-2D0B8C7666E1}"
EndProject
Project("{FAE04EC0-301F-11D3-BF4B-00C04F79EFBC}") = "KinectInteractiveSlackline", "Assembly-CSharp-Editor-firstpass.csproj", "{963C09C2-1F15-31B3-A332-246C2219C627}"
EndProject
Global
	GlobalSection(SolutionConfigurationPlatforms) = preSolution
		Debug|Any CPU = Debug|Any CPU
		Release|Any CPU = Release|Any CPU
	EndGlobalSection
	GlobalSection(ProjectConfigurationPlatforms) = postSolution
		{EF63F849-F9A7-F3AA-0B4A-A5EB6F29B4CC}.Debug|Any CPU.ActiveCfg = Debug|Any CPU
		{EF63F849-F9A7-F3AA-0B4A-A5EB6F29B4CC}.Debug|Any CPU.Build.0 = Debug|Any CPU
		{EF63F849-F9A7-F3AA-0B4A-A5EB6F29B4CC}.Release|Any CPU.ActiveCfg = Release|Any CPU
		{EF63F849-F9A7-F3AA-0B4A-A5EB6F29B4CC}.Release|Any CPU.Build.0 = Release|Any CPU
		{07B6C97C-5814-2892-0167-2D0B8C7666E1}.Debug|Any CPU.ActiveCfg = Debug|Any CPU
		{07B6C97C-5814-2892-0167-2D0B8C7666E1}.Debug|Any CPU.Build.0 = Debug|Any CPU
		{07B6C97C-5814-2892-0167-2D0B8C7666E1}.Release|Any CPU.ActiveCfg = Release|Any CPU
		{07B6C97C-5814-2892-0167-2D0B8C7666E1}.Release|Any CPU.Build.0 = Release|Any CPU
		{963C09C2-1F15-31B3-A332-246C2219C627}.Debug|Any CPU.ActiveCfg = Debug|Any CPU
		{963C09C2-1F15-31B3-A332-246C2219C627}.Debug|Any CPU.Build.0 = Debug|Any CPU
		{963C09C2-1F15-31B3-A332-246C2219C627}.Release|Any CPU.ActiveCfg = Release|Any CPU
		{963C09C2-1F15-31B3-A332-246C2219C627}.Release|Any CPU.Build.0 = Release|Any CPU
	EndGlobalSection
	GlobalSection(SolutionProperties) = preSolution
		HideSolutionNode = FALSE
	EndGlobalSection
	GlobalSection(MonoDevelopProperties) = preSolution
		StartupItem = Assembly-CSharp.csproj
	EndGlobalSection
EndGlobal
